
Microsoft Visual Studio Solution File, Format Version 11.00
# Visual Studio 2010
Project("{FAE04EC0-301F-11D3-BF4B-00C04F79EFBC}") = "Shielded", "Shielded\Shielded.csproj", "{F0AAA222-0000-461C-81ED-70BCAAD2A2B9}"
EndProject
Project("{FAE04EC0-301F-11D3-BF4B-00C04F79EFBC}") = "ConsoleTests", "ConsoleTests\ConsoleTests.csproj", "{C217F353-1145-4062-9D76-B0FC90854883}"
EndProject
Project("{FAE04EC0-301F-11D3-BF4B-00C04F79EFBC}") = "ShieldedTests", "ShieldedTests\ShieldedTests.csproj", "{7BBF29FE-3683-4290-B39D-485E7DEE5388}"
EndProject
Global
	GlobalSection(SolutionConfigurationPlatforms) = preSolution
		Debug|x86 = Debug|x86
		Release|x86 = Release|x86
	EndGlobalSection
	GlobalSection(ProjectConfigurationPlatforms) = postSolution
		{7BBF29FE-3683-4290-B39D-485E7DEE5388}.Debug|x86.ActiveCfg = Debug|Any CPU
		{7BBF29FE-3683-4290-B39D-485E7DEE5388}.Debug|x86.Build.0 = Debug|Any CPU
		{7BBF29FE-3683-4290-B39D-485E7DEE5388}.Release|x86.ActiveCfg = Release|Any CPU
		{7BBF29FE-3683-4290-B39D-485E7DEE5388}.Release|x86.Build.0 = Release|Any CPU
		{C217F353-1145-4062-9D76-B0FC90854883}.Debug|x86.ActiveCfg = Debug|x86
		{C217F353-1145-4062-9D76-B0FC90854883}.Debug|x86.Build.0 = Debug|x86
		{C217F353-1145-4062-9D76-B0FC90854883}.Release|x86.ActiveCfg = Release|x86
		{C217F353-1145-4062-9D76-B0FC90854883}.Release|x86.Build.0 = Release|x86
		{F0AAA222-0000-461C-81ED-70BCAAD2A2B9}.Debug|x86.ActiveCfg = Debug|x86
		{F0AAA222-0000-461C-81ED-70BCAAD2A2B9}.Debug|x86.Build.0 = Debug|x86
		{F0AAA222-0000-461C-81ED-70BCAAD2A2B9}.Release|x86.ActiveCfg = Release|x86
		{F0AAA222-0000-461C-81ED-70BCAAD2A2B9}.Release|x86.Build.0 = Release|x86
	EndGlobalSection
	GlobalSection(MonoDevelopProperties) = preSolution
		Policies = $0
		$0.DotNetNamingPolicy = $1
		$1.DirectoryNamespaceAssociation = PrefixedHierarchical
		$1.ResourceNamePolicy = FileFormatDefault
		$0.TextStylePolicy = $2
		$2.inheritsSet = VisualStudio
		$2.inheritsScope = text/plain
		$2.scope = text/x-csharp
		$0.CSharpFormattingPolicy = $3
		$3.IndentSwitchBody = True
		$3.AlignEmbeddedStatements = False
		$3.PropertyBraceStyle = NextLine
		$3.PropertyGetBraceStyle = NextLine
		$3.PropertySetBraceStyle = NextLine
		$3.EventBraceStyle = NextLine
		$3.EventAddBraceStyle = NextLine
		$3.EventRemoveBraceStyle = NextLine
		$3.StatementBraceStyle = NextLine
		$3.ElseNewLinePlacement = NewLine
		$3.CatchNewLinePlacement = NewLine
		$3.FinallyNewLinePlacement = NewLine
		$3.WhileNewLinePlacement = DoNotCare
		$3.ArrayInitializerWrapping = DoNotChange
		$3.ArrayInitializerBraceStyle = NextLine
		$3.BeforeMethodDeclarationParentheses = False
		$3.BeforeMethodCallParentheses = False
		$3.BeforeConstructorDeclarationParentheses = False
		$3.NewLineBeforeConstructorInitializerColon = NewLine
		$3.NewLineAfterConstructorInitializerColon = SameLine
		$3.BeforeIndexerDeclarationBracket = False
		$3.BeforeDelegateDeclarationParentheses = False
		$3.NewParentheses = False
		$3.SpacesBeforeBrackets = False
		$3.AlignToFirstMethodDeclarationParameter = False
		$3.AlignToFirstIndexerDeclarationParameter = False
		$3.inheritsSet = Mono
		$3.inheritsScope = text/x-csharp
		$3.scope = text/x-csharp
		$0.TextStylePolicy = $4
		$4.inheritsSet = VisualStudio
		$4.inheritsScope = text/plain
		$4.scope = text/plain
	EndGlobalSection
EndGlobal
