
Microsoft Visual Studio Solution File, Format Version 12.00
# Visual Studio Version 17
VisualStudioVersion = 17.4.33122.133
MinimumVisualStudioVersion = 10.0.40219.1
Project("{9A19103F-16F7-4668-BE54-9A1E7A4F7556}") = "Shielded", "Shielded\Shielded.csproj", "{358788D7-FDD8-48AB-A606-AD708E9C7588}"
EndProject
Project("{9A19103F-16F7-4668-BE54-9A1E7A4F7556}") = "ConsoleTests", "ConsoleTests\ConsoleTests.csproj", "{542FDCFC-E564-4FBD-8AC6-A4457AADF749}"
EndProject
Project("{9A19103F-16F7-4668-BE54-9A1E7A4F7556}") = "ExternRefForProxyTest", "ExternRefForProxyTest\ExternRefForProxyTest.csproj", "{F19F07EF-5D0A-4DE0-BD23-983BD1D15921}"
EndProject
Project("{9A19103F-16F7-4668-BE54-9A1E7A4F7556}") = "Shielded.SourceGenerator", "Shielded.SourceGenerator\Shielded.SourceGenerator.csproj", "{76524822-09D7-4F84-9449-8F6476E61268}"
EndProject
Project("{9A19103F-16F7-4668-BE54-9A1E7A4F7556}") = "ShieldedTests", "ShieldedTests\ShieldedTests.csproj", "{B8B17650-90A5-4128-83EB-EFD1E30CE130}"
EndProject
Global
	GlobalSection(SolutionConfigurationPlatforms) = preSolution
		Debug|Any CPU = Debug|Any CPU
		Release|Any CPU = Release|Any CPU
	EndGlobalSection
	GlobalSection(ProjectConfigurationPlatforms) = postSolution
		{358788D7-FDD8-48AB-A606-AD708E9C7588}.Debug|Any CPU.ActiveCfg = Debug|Any CPU
		{358788D7-FDD8-48AB-A606-AD708E9C7588}.Debug|Any CPU.Build.0 = Debug|Any CPU
		{358788D7-FDD8-48AB-A606-AD708E9C7588}.Release|Any CPU.ActiveCfg = Release|Any CPU
		{358788D7-FDD8-48AB-A606-AD708E9C7588}.Release|Any CPU.Build.0 = Release|Any CPU
		{542FDCFC-E564-4FBD-8AC6-A4457AADF749}.Debug|Any CPU.ActiveCfg = Debug|Any CPU
		{542FDCFC-E564-4FBD-8AC6-A4457AADF749}.Debug|Any CPU.Build.0 = Debug|Any CPU
		{542FDCFC-E564-4FBD-8AC6-A4457AADF749}.Release|Any CPU.ActiveCfg = Release|Any CPU
		{542FDCFC-E564-4FBD-8AC6-A4457AADF749}.Release|Any CPU.Build.0 = Release|Any CPU
		{F19F07EF-5D0A-4DE0-BD23-983BD1D15921}.Debug|Any CPU.ActiveCfg = Debug|Any CPU
		{F19F07EF-5D0A-4DE0-BD23-983BD1D15921}.Debug|Any CPU.Build.0 = Debug|Any CPU
		{F19F07EF-5D0A-4DE0-BD23-983BD1D15921}.Release|Any CPU.ActiveCfg = Release|Any CPU
		{F19F07EF-5D0A-4DE0-BD23-983BD1D15921}.Release|Any CPU.Build.0 = Release|Any CPU
		{76524822-09D7-4F84-9449-8F6476E61268}.Debug|Any CPU.ActiveCfg = Debug|Any CPU
		{76524822-09D7-4F84-9449-8F6476E61268}.Debug|Any CPU.Build.0 = Debug|Any CPU
		{76524822-09D7-4F84-9449-8F6476E61268}.Release|Any CPU.ActiveCfg = Release|Any CPU
		{76524822-09D7-4F84-9449-8F6476E61268}.Release|Any CPU.Build.0 = Release|Any CPU
		{B8B17650-90A5-4128-83EB-EFD1E30CE130}.Debug|Any CPU.ActiveCfg = Debug|Any CPU
		{B8B17650-90A5-4128-83EB-EFD1E30CE130}.Debug|Any CPU.Build.0 = Debug|Any CPU
		{B8B17650-90A5-4128-83EB-EFD1E30CE130}.Release|Any CPU.ActiveCfg = Release|Any CPU
		{B8B17650-90A5-4128-83EB-EFD1E30CE130}.Release|Any CPU.Build.0 = Release|Any CPU
	EndGlobalSection
	GlobalSection(SolutionProperties) = preSolution
		HideSolutionNode = FALSE
	EndGlobalSection
	GlobalSection(ExtensibilityGlobals) = postSolution
		SolutionGuid = {F784BBC0-6394-4044-ABFF-A491E5E16DD3}
	EndGlobalSection
EndGlobal
